
Microsoft Visual Studio Solution File, Format Version 12.00
# Visual Studio Version 17
VisualStudioVersion = 17.13.35931.197
MinimumVisualStudioVersion = 10.0.40219.1
Project("{FAE04EC0-301F-11D3-BF4B-00C04F79EFBC}") = "Ex02", "Ex02\Ex02.csproj", "{2AA701C0-9CE4-4BC8-A359-E754BBF1093E}"
EndProject
Global
	GlobalSection(SolutionConfigurationPlatforms) = preSolution
		Debug|Any CPU = Debug|Any CPU
		Release|Any CPU = Release|Any CPU
	EndGlobalSection
	GlobalSection(ProjectConfigurationPlatforms) = postSolution
		{2AA701C0-9CE4-4BC8-A359-E754BBF1093E}.Debug|Any CPU.ActiveCfg = Debug|Any CPU
		{2AA701C0-9CE4-4BC8-A359-E754BBF1093E}.Debug|Any CPU.Build.0 = Debug|Any CPU
		{2AA701C0-9CE4-4BC8-A359-E754BBF1093E}.Release|Any CPU.ActiveCfg = Release|Any CPU
		{2AA701C0-9CE4-4BC8-A359-E754BBF1093E}.Release|Any CPU.Build.0 = Release|Any CPU
	EndGlobalSection
	GlobalSection(SolutionProperties) = preSolution
		HideSolutionNode = FALSE
	EndGlobalSection
	GlobalSection(ExtensibilityGlobals) = postSolution
		SolutionGuid = {127ED9B7-54AA-4474-8EDD-16B3ACDDBCB6}
	EndGlobalSection
EndGlobal
